
Microsoft Visual Studio Solution File, Format Version 12.00
# Visual Studio Version 17
VisualStudioVersion = 17.3.32825.248
MinimumVisualStudioVersion = 10.0.40219.1
Project("{FAE04EC0-301F-11D3-BF4B-00C04F79EFBC}") = "codeCS", "codeCS.csproj", "{24736AA1-B1AE-4275-A588-693BD52832CF}"
EndProject
Global
	GlobalSection(SolutionConfigurationPlatforms) = preSolution
		Debug|Any CPU = Debug|Any CPU
		Release|Any CPU = Release|Any CPU
	EndGlobalSection
	GlobalSection(ProjectConfigurationPlatforms) = postSolution
		{24736AA1-B1AE-4275-A588-693BD52832CF}.Debug|Any CPU.ActiveCfg = Debug|Any CPU
		{24736AA1-B1AE-4275-A588-693BD52832CF}.Debug|Any CPU.Build.0 = Debug|Any CPU
		{24736AA1-B1AE-4275-A588-693BD52832CF}.Release|Any CPU.ActiveCfg = Release|Any CPU
		{24736AA1-B1AE-4275-A588-693BD52832CF}.Release|Any CPU.Build.0 = Release|Any CPU
	EndGlobalSection
	GlobalSection(SolutionProperties) = preSolution
		HideSolutionNode = FALSE
	EndGlobalSection
	GlobalSection(ExtensibilityGlobals) = postSolution
		SolutionGuid = {4AC4F46A-C710-4980-A960-321880733A0A}
	EndGlobalSection
EndGlobal
